PODS:
  - AFNetworking (3.2.1):
    - AFNetworking/NSURLSession (= 3.2.1)
    - AFNetworking/Reachability (= 3.2.1)
    - AFNetworking/Security (= 3.2.1)
    - AFNetworking/Serialization (= 3.2.1)
    - AFNetworking/UIKit (= 3.2.1)
  - AFNetworking/NSURLSession (3.2.1):
    - AFNetworking/Reachability
    - AFNetworking/Security
    - AFNetworking/Serialization
  - AFNetworking/Reachability (3.2.1)
  - AFNetworking/Security (3.2.1)
  - AFNetworking/Serialization (3.2.1)
  - AFNetworking/UIKit (3.2.1):
    - AFNetworking/NSURLSession
  - BaiduMapKit (6.2.0):
    - BaiduMapKit/Base (= 6.2.0)
    - BaiduMapKit/Cloud (= 6.2.0)
    - BaiduMapKit/Map (= 6.2.0)
    - BaiduMapKit/Search (= 6.2.0)
    - BaiduMapKit/Utils (= 6.2.0)
  - BaiduMapKit/Base (6.2.0)
  - BaiduMapKit/Cloud (6.2.0):
    - BaiduMapKit/Base
  - BaiduMapKit/Map (6.2.0):
    - BaiduMapKit/Base
  - BaiduMapKit/Search (6.2.0):
    - BaiduMapKit/Base
  - BaiduMapKit/Utils (6.2.0):
    - BaiduMapKit/Base
  - JSONModel (1.8.0)
  - Masonry (1.1.0)
  - WMPageController (2.5.2)

DEPENDENCIES:
  - AFNetworking
  - BaiduMapKit
  - JSONModel
  - Masonry
  - WMPageController

SPEC REPOS:
  trunk:
    - AFNetworking
    - BaiduMapKit
    - JSONModel
    - Masonry
    - WMPageController

SPEC CHECKSUMS:
  AFNetworking: b6f891fdfaed196b46c7a83cf209e09697b94057
  BaiduMapKit: 907c6d9b74f66c3ff4741fc4b568ae0b339917f8
  JSONModel: 02ab723958366a3fd27da57ea2af2113658762e9
  Masonry: 678fab65091a9290e40e2832a55e7ab731aad201
  WMPageController: 0c7624d2b48e4f1ab92371688cf6744ed701575d

PODFILE CHECKSUM: 2b3f7e183c4618f64eeee61e89feb8e8265428c1

COCOAPODS: 1.9.3
